# THIS IS AN AUTOGENERATED FILE. DO NOT EDIT THIS FILE DIRECTLY.
# yarn lockfile v1


react-tiny-popover@^7.2.4:
  version "7.2.4"
  resolved "https://registry.yarnpkg.com/react-tiny-popover/-/react-tiny-popover-7.2.4.tgz#b11fe9b43d1fc8ac46e760419346afd41d6111ee"
  integrity sha512-T7ZSwXcUtPXCog3Bux9+TjoTvUeMi/+zI0Yv/TkIznZCWUg0XTt2797G0IiT5mTVeJeLivUzdOmKA1hOQdMfOQ==
